version = 1
revision = 3
requires-python = ">=3.12"

[[package]]
name = "examples"
version = "0.1.0"
source = { virtual = "." }
dependencies = [
    { name = "simple-agents-py" },
]

[package.metadata]
requires-dist = [{ name = "simple-agents-py", specifier = ">=0.1.5" }]

[[package]]
name = "simple-agents-py"
version = "0.1.5"
source = { registry = "https://pypi.org/simple" }
sdist = { url = "https://files.pythonhosted.org/packages/8a/84/c3a5f432941ed47e52fd65b75cccf96c1e539051831a109c01c43ebea46a/simple_agents_py-0.1.5.tar.gz", hash = "sha256:1472d857c98e73970f128f351d417f2c09ca9f75dcbc0fb52f47fffef5242eb6", size = 181905, upload-time = "2026-01-28T13:38:32.923Z" }
